
Microsoft Visual Studio Solution File, Format Version 12.00
# Visual Studio Version 17
VisualStudioVersion = 17.12.35527.113
MinimumVisualStudioVersion = 10.0.40219.1
Project("{FAE04EC0-301F-11D3-BF4B-00C04F79EFBC}") = "BookClubProj.Server", "BookClubProj.Server\BookClubProj.Server.csproj", "{446A7F9B-B60E-4C18-8BA6-412E58E6E5D1}"
EndProject
Project("{54A90642-561A-4BB1-A94E-469ADEE60C69}") = "bookclubproj.client", "bookclubproj.client\bookclubproj.client.esproj", "{E6D6A66D-BC4A-442B-A283-C70A7E6E0518}"
EndProject
Global
	GlobalSection(SolutionConfigurationPlatforms) = preSolution
		Debug|Any CPU = Debug|Any CPU
		Release|Any CPU = Release|Any CPU
	EndGlobalSection
	GlobalSection(ProjectConfigurationPlatforms) = postSolution
		{446A7F9B-B60E-4C18-8BA6-412E58E6E5D1}.Debug|Any CPU.ActiveCfg = Debug|Any CPU
		{446A7F9B-B60E-4C18-8BA6-412E58E6E5D1}.Debug|Any CPU.Build.0 = Debug|Any CPU
		{446A7F9B-B60E-4C18-8BA6-412E58E6E5D1}.Release|Any CPU.ActiveCfg = Release|Any CPU
		{446A7F9B-B60E-4C18-8BA6-412E58E6E5D1}.Release|Any CPU.Build.0 = Release|Any CPU
		{E6D6A66D-BC4A-442B-A283-C70A7E6E0518}.Debug|Any CPU.ActiveCfg = Debug|Any CPU
		{E6D6A66D-BC4A-442B-A283-C70A7E6E0518}.Debug|Any CPU.Build.0 = Debug|Any CPU
		{E6D6A66D-BC4A-442B-A283-C70A7E6E0518}.Debug|Any CPU.Deploy.0 = Debug|Any CPU
		{E6D6A66D-BC4A-442B-A283-C70A7E6E0518}.Release|Any CPU.ActiveCfg = Release|Any CPU
		{E6D6A66D-BC4A-442B-A283-C70A7E6E0518}.Release|Any CPU.Build.0 = Release|Any CPU
		{E6D6A66D-BC4A-442B-A283-C70A7E6E0518}.Release|Any CPU.Deploy.0 = Release|Any CPU
	EndGlobalSection
	GlobalSection(SolutionProperties) = preSolution
		HideSolutionNode = FALSE
	EndGlobalSection
EndGlobal
